
Microsoft Visual Studio Solution File, Format Version 12.00
# Visual Studio 15
VisualStudioVersion = 15.0.27703.2026
MinimumVisualStudioVersion = 10.0.40219.1
Project("{FAE04EC0-301F-11D3-BF4B-00C04F79EFBC}") = "XF.AplicativoFIAP.Android", "XF.AplicativoFIAP\XF.AplicativoFIAP.Android\XF.AplicativoFIAP.Android.csproj", "{C7B79FF5-D37C-4DA9-A920-7FB0A7621015}"
EndProject
Project("{FAE04EC0-301F-11D3-BF4B-00C04F79EFBC}") = "XF.AplicativoFIAP.iOS", "XF.AplicativoFIAP\XF.AplicativoFIAP.iOS\XF.AplicativoFIAP.iOS.csproj", "{2D698C08-F261-4C9F-8818-189B6B34A145}"
EndProject
Project("{FAE04EC0-301F-11D3-BF4B-00C04F79EFBC}") = "XF.AplicativoFIAP", "XF.AplicativoFIAP\XF.AplicativoFIAP\XF.AplicativoFIAP.csproj", "{3F032196-F078-4CF3-84D2-AE303F45B879}"
EndProject
Global
	GlobalSection(SolutionConfigurationPlatforms) = preSolution
		Ad-Hoc|Any CPU = Ad-Hoc|Any CPU
		Ad-Hoc|iPhone = Ad-Hoc|iPhone
		Ad-Hoc|iPhoneSimulator = Ad-Hoc|iPhoneSimulator
		AppStore|Any CPU = AppStore|Any CPU
		AppStore|iPhone = AppStore|iPhone
		AppStore|iPhoneSimulator = AppStore|iPhoneSimulator
		Debug|Any CPU = Debug|Any CPU
		Debug|iPhone = Debug|iPhone
		Debug|iPhoneSimulator = Debug|iPhoneSimulator
		Release|Any CPU = Release|Any CPU
		Release|iPhone = Release|iPhone
		Release|iPhoneSimulator = Release|iPhoneSimulator
	EndGlobalSection
	GlobalSection(ProjectConfigurationPlatforms) = postSolution
		{C7B79FF5-D37C-4DA9-A920-7FB0A7621015}.Ad-Hoc|Any CPU.ActiveCfg = Release|Any CPU
		{C7B79FF5-D37C-4DA9-A920-7FB0A7621015}.Ad-Hoc|Any CPU.Build.0 = Release|Any CPU
		{C7B79FF5-D37C-4DA9-A920-7FB0A7621015}.Ad-Hoc|Any CPU.Deploy.0 = Release|Any CPU
		{C7B79FF5-D37C-4DA9-A920-7FB0A7621015}.Ad-Hoc|iPhone.ActiveCfg = Release|Any CPU
		{C7B79FF5-D37C-4DA9-A920-7FB0A7621015}.Ad-Hoc|iPhone.Build.0 = Release|Any CPU
		{C7B79FF5-D37C-4DA9-A920-7FB0A7621015}.Ad-Hoc|iPhone.Deploy.0 = Release|Any CPU
		{C7B79FF5-D37C-4DA9-A920-7FB0A7621015}.Ad-Hoc|iPhoneSimulator.ActiveCfg = Release|Any CPU
		{C7B79FF5-D37C-4DA9-A920-7FB0A7621015}.Ad-Hoc|iPhoneSimulator.Build.0 = Release|Any CPU
		{C7B79FF5-D37C-4DA9-A920-7FB0A7621015}.Ad-Hoc|iPhoneSimulator.Deploy.0 = Release|Any CPU
		{C7B79FF5-D37C-4DA9-A920-7FB0A7621015}.AppStore|Any CPU.ActiveCfg = Release|Any CPU
		{C7B79FF5-D37C-4DA9-A920-7FB0A7621015}.AppStore|Any CPU.Build.0 = Release|Any CPU
		{C7B79FF5-D37C-4DA9-A920-7FB0A7621015}.AppStore|Any CPU.Deploy.0 = Release|Any CPU
		{C7B79FF5-D37C-4DA9-A920-7FB0A7621015}.AppStore|iPhone.ActiveCfg = Release|Any CPU
		{C7B79FF5-D37C-4DA9-A920-7FB0A7621015}.AppStore|iPhone.Build.0 = Release|Any CPU
		{C7B79FF5-D37C-4DA9-A920-7FB0A7621015}.AppStore|iPhone.Deploy.0 = Release|Any CPU
		{C7B79FF5-D37C-4DA9-A920-7FB0A7621015}.AppStore|iPhoneSimulator.ActiveCfg = Release|Any CPU
		{C7B79FF5-D37C-4DA9-A920-7FB0A7621015}.AppStore|iPhoneSimulator.Build.0 = Release|Any CPU
		{C7B79FF5-D37C-4DA9-A920-7FB0A7621015}.AppStore|iPhoneSimulator.Deploy.0 = Release|Any CPU
		{C7B79FF5-D37C-4DA9-A920-7FB0A7621015}.Debug|Any CPU.ActiveCfg = Debug|Any CPU
		{C7B79FF5-D37C-4DA9-A920-7FB0A7621015}.Debug|Any CPU.Build.0 = Debug|Any CPU
		{C7B79FF5-D37C-4DA9-A920-7FB0A7621015}.Debug|Any CPU.Deploy.0 = Debug|Any CPU
		{C7B79FF5-D37C-4DA9-A920-7FB0A7621015}.Debug|iPhone.ActiveCfg = Debug|Any CPU
		{C7B79FF5-D37C-4DA9-A920-7FB0A7621015}.Debug|iPhone.Build.0 = Debug|Any CPU
		{C7B79FF5-D37C-4DA9-A920-7FB0A7621015}.Debug|iPhone.Deploy.0 = Debug|Any CPU
		{C7B79FF5-D37C-4DA9-A920-7FB0A7621015}.Debug|iPhoneSimulator.ActiveCfg = Debug|Any CPU
		{C7B79FF5-D37C-4DA9-A920-7FB0A7621015}.Debug|iPhoneSimulator.Build.0 = Debug|Any CPU
		{C7B79FF5-D37C-4DA9-A920-7FB0A7621015}.Debug|iPhoneSimulator.Deploy.0 = Debug|Any CPU
		{C7B79FF5-D37C-4DA9-A920-7FB0A7621015}.Release|Any CPU.ActiveCfg = Release|Any CPU
		{C7B79FF5-D37C-4DA9-A920-7FB0A7621015}.Release|Any CPU.Build.0 = Release|Any CPU
		{C7B79FF5-D37C-4DA9-A920-7FB0A7621015}.Release|Any CPU.Deploy.0 = Release|Any CPU
		{C7B79FF5-D37C-4DA9-A920-7FB0A7621015}.Release|iPhone.ActiveCfg = Release|Any CPU
		{C7B79FF5-D37C-4DA9-A920-7FB0A7621015}.Release|iPhone.Build.0 = Release|Any CPU
		{C7B79FF5-D37C-4DA9-A920-7FB0A7621015}.Release|iPhone.Deploy.0 = Release|Any CPU
		{C7B79FF5-D37C-4DA9-A920-7FB0A7621015}.Release|iPhoneSimulator.ActiveCfg = Release|Any CPU
		{C7B79FF5-D37C-4DA9-A920-7FB0A7621015}.Release|iPhoneSimulator.Build.0 = Release|Any CPU
		{C7B79FF5-D37C-4DA9-A920-7FB0A7621015}.Release|iPhoneSimulator.Deploy.0 = Release|Any CPU
		{2D698C08-F261-4C9F-8818-189B6B34A145}.Ad-Hoc|Any CPU.ActiveCfg = Ad-Hoc|iPhone
		{2D698C08-F261-4C9F-8818-189B6B34A145}.Ad-Hoc|Any CPU.Build.0 = Ad-Hoc|iPhone
		{2D698C08-F261-4C9F-8818-189B6B34A145}.Ad-Hoc|Any CPU.Deploy.0 = Ad-Hoc|iPhone
		{2D698C08-F261-4C9F-8818-189B6B34A145}.Ad-Hoc|iPhone.ActiveCfg = Ad-Hoc|iPhone
		{2D698C08-F261-4C9F-8818-189B6B34A145}.Ad-Hoc|iPhone.Build.0 = Ad-Hoc|iPhone
		{2D698C08-F261-4C9F-8818-189B6B34A145}.Ad-Hoc|iPhone.Deploy.0 = Ad-Hoc|iPhone
		{2D698C08-F261-4C9F-8818-189B6B34A145}.Ad-Hoc|iPhoneSimulator.ActiveCfg = Ad-Hoc|iPhoneSimulator
		{2D698C08-F261-4C9F-8818-189B6B34A145}.Ad-Hoc|iPhoneSimulator.Build.0 = Ad-Hoc|iPhoneSimulator
		{2D698C08-F261-4C9F-8818-189B6B34A145}.Ad-Hoc|iPhoneSimulator.Deploy.0 = Ad-Hoc|iPhoneSimulator
		{2D698C08-F261-4C9F-8818-189B6B34A145}.AppStore|Any CPU.ActiveCfg = AppStore|iPhone
		{2D698C08-F261-4C9F-8818-189B6B34A145}.AppStore|Any CPU.Build.0 = AppStore|iPhone
		{2D698C08-F261-4C9F-8818-189B6B34A145}.AppStore|Any CPU.Deploy.0 = AppStore|iPhone
		{2D698C08-F261-4C9F-8818-189B6B34A145}.AppStore|iPhone.ActiveCfg = AppStore|iPhone
		{2D698C08-F261-4C9F-8818-189B6B34A145}.AppStore|iPhone.Build.0 = AppStore|iPhone
		{2D698C08-F261-4C9F-8818-189B6B34A145}.AppStore|iPhone.Deploy.0 = AppStore|iPhone
		{2D698C08-F261-4C9F-8818-189B6B34A145}.AppStore|iPhoneSimulator.ActiveCfg = AppStore|iPhoneSimulator
		{2D698C08-F261-4C9F-8818-189B6B34A145}.AppStore|iPhoneSimulator.Build.0 = AppStore|iPhoneSimulator
		{2D698C08-F261-4C9F-8818-189B6B34A145}.AppStore|iPhoneSimulator.Deploy.0 = AppStore|iPhoneSimulator
		{2D698C08-F261-4C9F-8818-189B6B34A145}.Debug|Any CPU.ActiveCfg = Debug|iPhoneSimulator
		{2D698C08-F261-4C9F-8818-189B6B34A145}.Debug|Any CPU.Build.0 = Debug|iPhoneSimulator
		{2D698C08-F261-4C9F-8818-189B6B34A145}.Debug|Any CPU.Deploy.0 = Debug|iPhoneSimulator
		{2D698C08-F261-4C9F-8818-189B6B34A145}.Debug|iPhone.ActiveCfg = Debug|iPhone
		{2D698C08-F261-4C9F-8818-189B6B34A145}.Debug|iPhone.Build.0 = Debug|iPhone
		{2D698C08-F261-4C9F-8818-189B6B34A145}.Debug|iPhone.Deploy.0 = Debug|iPhone
		{2D698C08-F261-4C9F-8818-189B6B34A145}.Debug|iPhoneSimulator.ActiveCfg = Debug|iPhoneSimulator
		{2D698C08-F261-4C9F-8818-189B6B34A145}.Debug|iPhoneSimulator.Build.0 = Debug|iPhoneSimulator
		{2D698C08-F261-4C9F-8818-189B6B34A145}.Debug|iPhoneSimulator.Deploy.0 = Debug|iPhoneSimulator
		{2D698C08-F261-4C9F-8818-189B6B34A145}.Release|Any CPU.ActiveCfg = Release|iPhone
		{2D698C08-F261-4C9F-8818-189B6B34A145}.Release|Any CPU.Build.0 = Release|iPhone
		{2D698C08-F261-4C9F-8818-189B6B34A145}.Release|Any CPU.Deploy.0 = Release|iPhone
		{2D698C08-F261-4C9F-8818-189B6B34A145}.Release|iPhone.ActiveCfg = Release|iPhone
		{2D698C08-F261-4C9F-8818-189B6B34A145}.Release|iPhone.Build.0 = Release|iPhone
		{2D698C08-F261-4C9F-8818-189B6B34A145}.Release|iPhone.Deploy.0 = Release|iPhone
		{2D698C08-F261-4C9F-8818-189B6B34A145}.Release|iPhoneSimulator.ActiveCfg = Release|iPhoneSimulator
		{2D698C08-F261-4C9F-8818-189B6B34A145}.Release|iPhoneSimulator.Build.0 = Release|iPhoneSimulator
		{2D698C08-F261-4C9F-8818-189B6B34A145}.Release|iPhoneSimulator.Deploy.0 = Release|iPhoneSimulator
		{3F032196-F078-4CF3-84D2-AE303F45B879}.Ad-Hoc|Any CPU.ActiveCfg = Debug|Any CPU
		{3F032196-F078-4CF3-84D2-AE303F45B879}.Ad-Hoc|Any CPU.Build.0 = Debug|Any CPU
		{3F032196-F078-4CF3-84D2-AE303F45B879}.Ad-Hoc|Any CPU.Deploy.0 = Debug|Any CPU
		{3F032196-F078-4CF3-84D2-AE303F45B879}.Ad-Hoc|iPhone.ActiveCfg = Debug|Any CPU
		{3F032196-F078-4CF3-84D2-AE303F45B879}.Ad-Hoc|iPhone.Build.0 = Debug|Any CPU
		{3F032196-F078-4CF3-84D2-AE303F45B879}.Ad-Hoc|iPhone.Deploy.0 = Debug|Any CPU
		{3F032196-F078-4CF3-84D2-AE303F45B879}.Ad-Hoc|iPhoneSimulator.ActiveCfg = Debug|Any CPU
		{3F032196-F078-4CF3-84D2-AE303F45B879}.Ad-Hoc|iPhoneSimulator.Build.0 = Debug|Any CPU
		{3F032196-F078-4CF3-84D2-AE303F45B879}.Ad-Hoc|iPhoneSimulator.Deploy.0 = Debug|Any CPU
		{3F032196-F078-4CF3-84D2-AE303F45B879}.AppStore|Any CPU.ActiveCfg = Debug|Any CPU
		{3F032196-F078-4CF3-84D2-AE303F45B879}.AppStore|Any CPU.Build.0 = Debug|Any CPU
		{3F032196-F078-4CF3-84D2-AE303F45B879}.AppStore|Any CPU.Deploy.0 = Debug|Any CPU
		{3F032196-F078-4CF3-84D2-AE303F45B879}.AppStore|iPhone.ActiveCfg = Debug|Any CPU
		{3F032196-F078-4CF3-84D2-AE303F45B879}.AppStore|iPhone.Build.0 = Debug|Any CPU
		{3F032196-F078-4CF3-84D2-AE303F45B879}.AppStore|iPhone.Deploy.0 = Debug|Any CPU
		{3F032196-F078-4CF3-84D2-AE303F45B879}.AppStore|iPhoneSimulator.ActiveCfg = Debug|Any CPU
		{3F032196-F078-4CF3-84D2-AE303F45B879}.AppStore|iPhoneSimulator.Build.0 = Debug|Any CPU
		{3F032196-F078-4CF3-84D2-AE303F45B879}.AppStore|iPhoneSimulator.Deploy.0 = Debug|Any CPU
		{3F032196-F078-4CF3-84D2-AE303F45B879}.Debug|Any CPU.ActiveCfg = Debug|Any CPU
		{3F032196-F078-4CF3-84D2-AE303F45B879}.Debug|Any CPU.Build.0 = Debug|Any CPU
		{3F032196-F078-4CF3-84D2-AE303F45B879}.Debug|Any CPU.Deploy.0 = Debug|Any CPU
		{3F032196-F078-4CF3-84D2-AE303F45B879}.Debug|iPhone.ActiveCfg = Debug|Any CPU
		{3F032196-F078-4CF3-84D2-AE303F45B879}.Debug|iPhone.Build.0 = Debug|Any CPU
		{3F032196-F078-4CF3-84D2-AE303F45B879}.Debug|iPhone.Deploy.0 = Debug|Any CPU
		{3F032196-F078-4CF3-84D2-AE303F45B879}.Debug|iPhoneSimulator.ActiveCfg = Debug|Any CPU
		{3F032196-F078-4CF3-84D2-AE303F45B879}.Debug|iPhoneSimulator.Build.0 = Debug|Any CPU
		{3F032196-F078-4CF3-84D2-AE303F45B879}.Debug|iPhoneSimulator.Deploy.0 = Debug|Any CPU
		{3F032196-F078-4CF3-84D2-AE303F45B879}.Release|Any CPU.ActiveCfg = Release|Any CPU
		{3F032196-F078-4CF3-84D2-AE303F45B879}.Release|Any CPU.Build.0 = Release|Any CPU
		{3F032196-F078-4CF3-84D2-AE303F45B879}.Release|Any CPU.Deploy.0 = Release|Any CPU
		{3F032196-F078-4CF3-84D2-AE303F45B879}.Release|iPhone.ActiveCfg = Release|Any CPU
		{3F032196-F078-4CF3-84D2-AE303F45B879}.Release|iPhone.Build.0 = Release|Any CPU
		{3F032196-F078-4CF3-84D2-AE303F45B879}.Release|iPhone.Deploy.0 = Release|Any CPU
		{3F032196-F078-4CF3-84D2-AE303F45B879}.Release|iPhoneSimulator.ActiveCfg = Release|Any CPU
		{3F032196-F078-4CF3-84D2-AE303F45B879}.Release|iPhoneSimulator.Build.0 = Release|Any CPU
		{3F032196-F078-4CF3-84D2-AE303F45B879}.Release|iPhoneSimulator.Deploy.0 = Release|Any CPU
	EndGlobalSection
	GlobalSection(SolutionProperties) = preSolution
		HideSolutionNode = FALSE
	EndGlobalSection
	GlobalSection(ExtensibilityGlobals) = postSolution
		SolutionGuid = {93395FF8-6107-4E00-B669-6CC5A7FAA4FE}
	EndGlobalSection
EndGlobal
